// !$*UTF8*$!
{
	archiveVersion = 1;
	classes = {
	};
	objectVersion = 55;
	objects = {

/* Begin PBXBuildFile section */
		4D11DF12286DD6AF0010510B /* AppDelegate.swift in Sources */ = {isa = PBXBuildFile; fileRef = 4D11DF11286DD6AF0010510B /* AppDelegate.swift */; };
		4D11DF14286DD6B00010510B /* Assets.xcassets in Resources */ = {isa = PBXBuildFile; fileRef = 4D11DF13286DD6B00010510B /* Assets.xcassets */; };
		4D11DF17286DD6B00010510B /* MainMenu.xib in Resources */ = {isa = PBXBuildFile; fileRef = 4D11DF15286DD6B00010510B /* MainMenu.xib */; };
		4D56FC2428722378009C6183 /* FaceBlurrer.swift in Sources */ = {isa = PBXBuildFile; fileRef = 4D56FC2328722378009C6183 /* FaceBlurrer.swift */; };
		4D56FC2728737A52009C6183 /* VideoConverter.swift in Sources */ = {isa = PBXBuildFile; fileRef = 4D56FC2628737A52009C6183 /* VideoConverter.swift */; };
		4DA96DC02876197100D57BC8 /* FrameExtractor.swift in Sources */ = {isa = PBXBuildFile; fileRef = 4DA96DBF2876197100D57BC8 /* FrameExtractor.swift */; };
/* End PBXBuildFile section */

/* Begin PBXFileReference section */
		4D11DF0E286DD6AF0010510B /* FaceBlurrer.app */ = {isa = PBXFileReference; explicitFileType = wrapper.application; includeInIndex = 0; path = FaceBlurrer.app; sourceTree = BUILT_PRODUCTS_DIR; };
		4D11DF11286DD6AF0010510B /* AppDelegate.swift */ = {isa = PBXFileReference; lastKnownFileType = sourcecode.swift; path = AppDelegate.swift; sourceTree = "<group>"; };
		4D11DF13286DD6B00010510B /* Assets.xcassets */ = {isa = PBXFileReference; lastKnownFileType = folder.assetcatalog; path = Assets.xcassets; sourceTree = "<group>"; };
		4D11DF16286DD6B00010510B /* Base */ = {isa = PBXFileReference; lastKnownFileType = file.xib; name = Base; path = Base.lproj/MainMenu.xib; sourceTree = "<group>"; };
		4D11DF18286DD6B00010510B /* FaceBlurrer.entitlements */ = {isa = PBXFileReference; lastKnownFileType = text.plist.entitlements; path = FaceBlurrer.entitlements; sourceTree = "<group>"; };
		4D56FC2328722378009C6183 /* FaceBlurrer.swift */ = {isa = PBXFileReference; lastKnownFileType = sourcecode.swift; path = FaceBlurrer.swift; sourceTree = "<group>"; };
		4D56FC2628737A52009C6183 /* VideoConverter.swift */ = {isa = PBXFileReference; lastKnownFileType = sourcecode.swift; path = VideoConverter.swift; sourceTree = "<group>"; };
		4DA96DBF2876197100D57BC8 /* FrameExtractor.swift */ = {isa = PBXFileReference; lastKnownFileType = sourcecode.swift; path = FrameExtractor.swift; sourceTree = "<group>"; };
/* End PBXFileReference section */

/* Begin PBXFrameworksBuildPhase section */
		4D11DF0B286DD6AF0010510B /* Frameworks */ = {
			isa = PBXFrameworksBuildPhase;
			buildActionMask = 2147483647;
			files = (
			);
			runOnlyForDeploymentPostprocessing = 0;
		};
/* End PBXFrameworksBuildPhase section */

/* Begin PBXGroup section */
		4D11DF05286DD6AF0010510B = {
			isa = PBXGroup;
			children = (
				4D11DF10286DD6AF0010510B /* FaceBlurrer */,
				4D11DF0F286DD6AF0010510B /* Products */,
			);
			sourceTree = "<group>";
		};
		4D11DF0F286DD6AF0010510B /* Products */ = {
			isa = PBXGroup;
			children = (
				4D11DF0E286DD6AF0010510B /* FaceBlurrer.app */,
			);
			name = Products;
			sourceTree = "<group>";
		};
		4D11DF10286DD6AF0010510B /* FaceBlurrer */ = {
			isa = PBXGroup;
			children = (
				4D11DF11286DD6AF0010510B /* AppDelegate.swift */,
				4D56FC2628737A52009C6183 /* VideoConverter.swift */,
				4D11DF13286DD6B00010510B /* Assets.xcassets */,
				4D11DF15286DD6B00010510B /* MainMenu.xib */,
				4D11DF18286DD6B00010510B /* FaceBlurrer.entitlements */,
				4D56FC2328722378009C6183 /* FaceBlurrer.swift */,
				4DA96DBF2876197100D57BC8 /* FrameExtractor.swift */,
			);
			path = FaceBlurrer;
			sourceTree = "<group>";
		};
/* End PBXGroup section */

/* Begin PBXNativeTarget section */
		4D11DF0D286DD6AF0010510B /* FaceBlurrer */ = {
			isa = PBXNativeTarget;
			buildConfigurationList = 4D11DF1B286DD6B00010510B /* Build configuration list for PBXNativeTarget "FaceBlurrer" */;
			buildPhases = (
				4D11DF0A286DD6AF0010510B /* Sources */,
				4D11DF0B286DD6AF0010510B /* Frameworks */,
				4D11DF0C286DD6AF0010510B /* Resources */,
			);
			buildRules = (
			);
			dependencies = (
			);
			name = FaceBlurrer;
			productName = FaceBlurrer;
			productReference = 4D11DF0E286DD6AF0010510B /* FaceBlurrer.app */;
			productType = "com.apple.product-type.application";
		};
/* End PBXNativeTarget section */

/* Begin PBXProject section */
		4D11DF06286DD6AF0010510B /* Project object */ = {
			isa = PBXProject;
			attributes = {
				BuildIndependentTargetsInParallel = 1;
				LastSwiftUpdateCheck = 1320;
				LastUpgradeCheck = 1320;
				TargetAttributes = {
					4D11DF0D286DD6AF0010510B = {
						CreatedOnToolsVersion = 13.2.1;
					};
				};
			};
			buildConfigurationList = 4D11DF09286DD6AF0010510B /* Build configuration list for PBXProject "FaceBlurrer" */;
			compatibilityVersion = "Xcode 13.0";
			developmentRegion = en;
			hasScannedForEncodings = 0;
			knownRegions = (
				en,
				Base,
			);
			mainGroup = 4D11DF05286DD6AF0010510B;
			productRefGroup = 4D11DF0F286DD6AF0010510B /* Products */;
			projectDirPath = "";
			projectRoot = "";
			targets = (
				4D11DF0D286DD6AF0010510B /* FaceBlurrer */,
			);
		};
/* End PBXProject section */

/* Begin PBXResourcesBuildPhase section */
		4D11DF0C286DD6AF0010510B /* Resources */ = {
			isa = PBXResourcesBuildPhase;
			buildActionMask = 2147483647;
			files = (
				4D11DF14286DD6B00010510B /* Assets.xcassets in Resources */,
				4D11DF17286DD6B00010510B /* MainMenu.xib in Resources */,
			);
			runOnlyForDeploymentPostprocessing = 0;
		};
/* End PBXResourcesBuildPhase section */

/* Begin PBXSourcesBuildPhase section */
		4D11DF0A286DD6AF0010510B /* Sources */ = {
			isa = PBXSourcesBuildPhase;
			buildActionMask = 2147483647;
			files = (
				4D11DF12286DD6AF0010510B /* AppDelegate.swift in Sources */,
				4D56FC2728737A52009C6183 /* VideoConverter.swift in Sources */,
				4DA96DC02876197100D57BC8 /* FrameExtractor.swift in Sources */,
				4D56FC2428722378009C6183 /* FaceBlurrer.swift in Sources */,
			);
			runOnlyForDeploymentPostprocessing = 0;
		};
/* End PBXSourcesBuildPhase section */

/* Begin PBXVariantGroup section */
		4D11DF15286DD6B00010510B /* MainMenu.xib */ = {
			isa = PBXVariantGroup;
			children = (
				4D11DF16286DD6B00010510B /* Base */,
			);
			name = MainMenu.xib;
			sourceTree = "<group>";
		};
/* End PBXVariantGroup section */

/* Begin XCBuildConfiguration section */
		4D11DF19286DD6B00010510B /* Debug */ = {
			isa = XCBuildConfiguration;
			buildSettings = {
				ALWAYS_SEARCH_USER_PATHS = NO;
				CLANG_ANALYZER_NONNULL = YES;
				CLANG_ANALYZER_NUMBER_OBJECT_CONVERSION = YES_AGGRESSIVE;
				CLANG_CXX_LANGUAGE_STANDARD = "gnu++17";
				CLANG_CXX_LIBRARY = "libc++";
				CLANG_ENABLE_MODULES = YES;
				CLANG_ENABLE_OBJC_ARC = YES;
				CLANG_ENABLE_OBJC_WEAK = YES;
				CLANG_WARN_BLOCK_CAPTURE_AUTORELEASING = YES;
				CLANG_WARN_BOOL_CONVERSION = YES;
				CLANG_WARN_COMMA = YES;
				CLANG_WARN_CONSTANT_CONVERSION = YES;
				CLANG_WARN_DEPRECATED_OBJC_IMPLEMENTATIONS = YES;
				CLANG_WARN_DIRECT_OBJC_ISA_USAGE = YES_ERROR;
				CLANG_WARN_DOCUMENTATION_COMMENTS = YES;
				CLANG_WARN_EMPTY_BODY = YES;
				CLANG_WARN_ENUM_CONVERSION = YES;
				CLANG_WARN_INFINITE_RECURSION = YES;
				CLANG_WARN_INT_CONVERSION = YES;
				CLANG_WARN_NON_LITERAL_NULL_CONVERSION = YES;
				CLANG_WARN_OBJC_IMPLICIT_RETAIN_SELF = YES;
				CLANG_WARN_OBJC_LITERAL_CONVERSION = YES;
				CLANG_WARN_OBJC_ROOT_CLASS = YES_ERROR;
				CLANG_WARN_QUOTED_INCLUDE_IN_FRAMEWORK_HEADER = YES;
				CLANG_WARN_RANGE_LOOP_ANALYSIS = YES;
				CLANG_WARN_STRICT_PROTOTYPES = YES;
				CLANG_WARN_SUSPICIOUS_MOVE = YES;
				CLANG_WARN_UNGUARDED_AVAILABILITY = YES_AGGRESSIVE;
				CLANG_WARN_UNREACHABLE_CODE = YES;
				CLANG_WARN__DUPLICATE_METHOD_MATCH = YES;
				COPY_PHASE_STRIP = NO;
				DEBUG_INFORMATION_FORMAT = dwarf;
				ENABLE_STRICT_OBJC_MSGSEND = YES;
				ENABLE_TESTABILITY = YES;
				GCC_C_LANGUAGE_STANDARD = gnu11;
				GCC_DYNAMIC_NO_PIC = NO;
				GCC_NO_COMMON_BLOCKS = YES;
				GCC_OPTIMIZATION_LEVEL = 0;
				GCC_PREPROCESSOR_DEFINITIONS = (
					"DEBUG=1",
					"$(inherited)",
				);
				GCC_WARN_64_TO_32_BIT_CONVERSION = YES;
				GCC_WARN_ABOUT_RETURN_TYPE = YES_ERROR;
				GCC_WARN_UNDECLARED_SELECTOR = YES;
				GCC_WARN_UNINITIALIZED_AUTOS = YES_AGGRESSIVE;
				GCC_WARN_UNUSED_FUNCTION = YES;
				GCC_WARN_UNUSED_VARIABLE = YES;
				MACOSX_DEPLOYMENT_TARGET = 12.1;
				MTL_ENABLE_DEBUG_INFO = INCLUDE_SOURCE;
				MTL_FAST_MATH = YES;
				ONLY_ACTIVE_ARCH = YES;
				SDKROOT = macosx;
				SWIFT_ACTIVE_COMPILATION_CONDITIONS = DEBUG;
				SWIFT_OPTIMIZATION_LEVEL = "-Onone";
			};
			name = Debug;
		};
		4D11DF1A286DD6B00010510B /* Release */ = {
			isa = XCBuildConfiguration;
			buildSettings = {
				ALWAYS_SEARCH_USER_PATHS = NO;
				CLANG_ANALYZER_NONNULL = YES;
				CLANG_ANALYZER_NUMBER_OBJECT_CONVERSION = YES_AGGRESSIVE;
				CLANG_CXX_LANGUAGE_STANDARD = "gnu++17";
				CLANG_CXX_LIBRARY = "libc++";
				CLANG_ENABLE_MODULES = YES;
				CLANG_ENABLE_OBJC_ARC = YES;
				CLANG_ENABLE_OBJC_WEAK = YES;
				CLANG_WARN_BLOCK_CAPTURE_AUTORELEASING = YES;
				CLANG_WARN_BOOL_CONVERSION = YES;
				CLANG_WARN_COMMA = YES;
				CLANG_WARN_CONSTANT_CONVERSION = YES;
				CLANG_WARN_DEPRECATED_OBJC_IMPLEMENTATIONS = YES;
				CLANG_WARN_DIRECT_OBJC_ISA_USAGE = YES_ERROR;
				CLANG_WARN_DOCUMENTATION_COMMENTS = YES;
				CLANG_WARN_EMPTY_BODY = YES;
				CLANG_WARN_ENUM_CONVERSION = YES;
				CLANG_WARN_INFINITE_RECURSION = YES;
				CLANG_WARN_INT_CONVERSION = YES;
				CLANG_WARN_NON_LITERAL_NULL_CONVERSION = YES;
				CLANG_WARN_OBJC_IMPLICIT_RETAIN_SELF = YES;
				CLANG_WARN_OBJC_LITERAL_CONVERSION = YES;
				CLANG_WARN_OBJC_ROOT_CLASS = YES_ERROR;
				CLANG_WARN_QUOTED_INCLUDE_IN_FRAMEWORK_HEADER = YES;
				CLANG_WARN_RANGE_LOOP_ANALYSIS = YES;
				CLANG_WARN_STRICT_PROTOTYPES = YES;
				CLANG_WARN_SUSPICIOUS_MOVE = YES;
				CLANG_WARN_UNGUARDED_AVAILABILITY = YES_AGGRESSIVE;
				CLANG_WARN_UNREACHABLE_CODE = YES;
				CLANG_WARN__DUPLICATE_METHOD_MATCH = YES;
				COPY_PHASE_STRIP = NO;
				DEBUG_INFORMATION_FORMAT = "dwarf-with-dsym";
				ENABLE_NS_ASSERTIONS = NO;
				ENABLE_STRICT_OBJC_MSGSEND = YES;
				GCC_C_LANGUAGE_STANDARD = gnu11;
				GCC_NO_COMMON_BLOCKS = YES;
				GCC_WARN_64_TO_32_BIT_CONVERSION = YES;
				GCC_WARN_ABOUT_RETURN_TYPE = YES_ERROR;
				GCC_WARN_UNDECLARED_SELECTOR = YES;
				GCC_WARN_UNINITIALIZED_AUTOS = YES_AGGRESSIVE;
				GCC_WARN_UNUSED_FUNCTION = YES;
				GCC_WARN_UNUSED_VARIABLE = YES;
				MACOSX_DEPLOYMENT_TARGET = 12.1;
				MTL_ENABLE_DEBUG_INFO = NO;
				MTL_FAST_MATH = YES;
				SDKROOT = macosx;
				SWIFT_COMPILATION_MODE = wholemodule;
				SWIFT_OPTIMIZATION_LEVEL = "-O";
			};
			name = Release;
		};
		4D11DF1C286DD6B00010510B /* Debug */ = {
			isa = XCBuildConfiguration;
			buildSettings = {
				ASSETCATALOG_COMPILER_APPICON_NAME = AppIcon;
				ASSETCATALOG_COMPILER_GLOBAL_ACCENT_COLOR_NAME = AccentColor;
				CODE_SIGN_ENTITLEMENTS = FaceBlurrer/FaceBlurrer.entitlements;
				CODE_SIGN_STYLE = Automatic;
				COMBINE_HIDPI_IMAGES = YES;
				CURRENT_PROJECT_VERSION = 2;
				DEVELOPMENT_TEAM = NUTTK3Z5R7;
				ENABLE_HARDENED_RUNTIME = NO;
				GENERATE_INFOPLIST_FILE = YES;
				INFOPLIST_KEY_NSHumanReadableCopyright = "";
				INFOPLIST_KEY_NSMainNibFile = MainMenu;
				INFOPLIST_KEY_NSPrincipalClass = NSApplication;
				LD_RUNPATH_SEARCH_PATHS = (
					"$(inherited)",
					"@executable_path/../Frameworks",
				);
				MARKETING_VERSION = 1.1;
				PRODUCT_BUNDLE_IDENTIFIER = com.iwacoding.FaceBlurrer;
				PRODUCT_NAME = "$(TARGET_NAME)";
				SWIFT_EMIT_LOC_STRINGS = YES;
				SWIFT_VERSION = 5.0;
			};
			name = Debug;
		};
		4D11DF1D286DD6B00010510B /* Release */ = {
			isa = XCBuildConfiguration;
			buildSettings = {
				ASSETCATALOG_COMPILER_APPICON_NAME = AppIcon;
				ASSETCATALOG_COMPILER_GLOBAL_ACCENT_COLOR_NAME = AccentColor;
				CODE_SIGN_ENTITLEMENTS = FaceBlurrer/FaceBlurrer.entitlements;
				CODE_SIGN_STYLE = Automatic;
				COMBINE_HIDPI_IMAGES = YES;
				CURRENT_PROJECT_VERSION = 2;
				DEVELOPMENT_TEAM = NUTTK3Z5R7;
				ENABLE_HARDENED_RUNTIME = NO;
				GENERATE_INFOPLIST_FILE = YES;
				INFOPLIST_KEY_NSHumanReadableCopyright = "";
				INFOPLIST_KEY_NSMainNibFile = MainMenu;
				INFOPLIST_KEY_NSPrincipalClass = NSApplication;
				LD_RUNPATH_SEARCH_PATHS = (
					"$(inherited)",
					"@executable_path/../Frameworks",
				);
				MARKETING_VERSION = 1.1;
				PRODUCT_BUNDLE_IDENTIFIER = com.iwacoding.FaceBlurrer;
				PRODUCT_NAME = "$(TARGET_NAME)";
				SWIFT_EMIT_LOC_STRINGS = YES;
				SWIFT_VERSION = 5.0;
			};
			name = Release;
		};
/* End XCBuildConfiguration section */

/* Begin XCConfigurationList section */
		4D11DF09286DD6AF0010510B /* Build configuration list for PBXProject "FaceBlurrer" */ = {
			isa = XCConfigurationList;
			buildConfigurations = (
				4D11DF19286DD6B00010510B /* Debug */,
				4D11DF1A286DD6B00010510B /* Release */,
			);
			defaultConfigurationIsVisible = 0;
			defaultConfigurationName = Release;
		};
		4D11DF1B286DD6B00010510B /* Build configuration list for PBXNativeTarget "FaceBlurrer" */ = {
			isa = XCConfigurationList;
			buildConfigurations = (
				4D11DF1C286DD6B00010510B /* Debug */,
				4D11DF1D286DD6B00010510B /* Release */,
			);
			defaultConfigurationIsVisible = 0;
			defaultConfigurationName = Release;
		};
/* End XCConfigurationList section */
	};
	rootObject = 4D11DF06286DD6AF0010510B /* Project object */;
}
